
Microsoft Visual Studio Solution File, Format Version 12.00
# Visual Studio 15
VisualStudioVersion = 15.0.26124.0
MinimumVisualStudioVersion = 15.0.26124.0
Project("{2150E333-8FDC-42A3-9474-1A3956D46DE8}") = "src", "src", "{33329858-F959-4359-B677-A246F62390A9}"
EndProject
Project("{FAE04EC0-301F-11D3-BF4B-00C04F79EFBC}") = "BulkCopy.Api", "src\BulkCopy.Api\BulkCopy.Api.csproj", "{2CF42765-DB75-4265-A262-A6CCCDCABEE1}"
EndProject
Project("{FAE04EC0-301F-11D3-BF4B-00C04F79EFBC}") = "BulkCopy.Application", "src\BulkCopy.Application\BulkCopy.Application.csproj", "{65EA1C2C-C74F-4290-9A4C-93FE1BA89497}"
EndProject
Project("{FAE04EC0-301F-11D3-BF4B-00C04F79EFBC}") = "BulkCopy.Infrastructure", "src\BulkCopy.Infrastructure\BulkCopy.Infrastructure.csproj", "{5DA7131E-B062-4B82-A83B-3476C4E305B2}"
EndProject
Project("{FAE04EC0-301F-11D3-BF4B-00C04F79EFBC}") = "BulkCopy.Domain", "src\BulkCopy.Domain\BulkCopy.Domain.csproj", "{4684756E-013D-4879-B99B-A67E2C5CC9C3}"
EndProject
Global
	GlobalSection(SolutionConfigurationPlatforms) = preSolution
		Debug|Any CPU = Debug|Any CPU
		Debug|x64 = Debug|x64
		Debug|x86 = Debug|x86
		Release|Any CPU = Release|Any CPU
		Release|x64 = Release|x64
		Release|x86 = Release|x86
	EndGlobalSection
	GlobalSection(SolutionProperties) = preSolution
		HideSolutionNode = FALSE
	EndGlobalSection
	GlobalSection(ProjectConfigurationPlatforms) = postSolution
		{2CF42765-DB75-4265-A262-A6CCCDCABEE1}.Debug|Any CPU.ActiveCfg = Debug|Any CPU
		{2CF42765-DB75-4265-A262-A6CCCDCABEE1}.Debug|Any CPU.Build.0 = Debug|Any CPU
		{2CF42765-DB75-4265-A262-A6CCCDCABEE1}.Debug|x64.ActiveCfg = Debug|Any CPU
		{2CF42765-DB75-4265-A262-A6CCCDCABEE1}.Debug|x64.Build.0 = Debug|Any CPU
		{2CF42765-DB75-4265-A262-A6CCCDCABEE1}.Debug|x86.ActiveCfg = Debug|Any CPU
		{2CF42765-DB75-4265-A262-A6CCCDCABEE1}.Debug|x86.Build.0 = Debug|Any CPU
		{2CF42765-DB75-4265-A262-A6CCCDCABEE1}.Release|Any CPU.ActiveCfg = Release|Any CPU
		{2CF42765-DB75-4265-A262-A6CCCDCABEE1}.Release|Any CPU.Build.0 = Release|Any CPU
		{2CF42765-DB75-4265-A262-A6CCCDCABEE1}.Release|x64.ActiveCfg = Release|Any CPU
		{2CF42765-DB75-4265-A262-A6CCCDCABEE1}.Release|x64.Build.0 = Release|Any CPU
		{2CF42765-DB75-4265-A262-A6CCCDCABEE1}.Release|x86.ActiveCfg = Release|Any CPU
		{2CF42765-DB75-4265-A262-A6CCCDCABEE1}.Release|x86.Build.0 = Release|Any CPU
		{65EA1C2C-C74F-4290-9A4C-93FE1BA89497}.Debug|Any CPU.ActiveCfg = Debug|Any CPU
		{65EA1C2C-C74F-4290-9A4C-93FE1BA89497}.Debug|Any CPU.Build.0 = Debug|Any CPU
		{65EA1C2C-C74F-4290-9A4C-93FE1BA89497}.Debug|x64.ActiveCfg = Debug|Any CPU
		{65EA1C2C-C74F-4290-9A4C-93FE1BA89497}.Debug|x64.Build.0 = Debug|Any CPU
		{65EA1C2C-C74F-4290-9A4C-93FE1BA89497}.Debug|x86.ActiveCfg = Debug|Any CPU
		{65EA1C2C-C74F-4290-9A4C-93FE1BA89497}.Debug|x86.Build.0 = Debug|Any CPU
		{65EA1C2C-C74F-4290-9A4C-93FE1BA89497}.Release|Any CPU.ActiveCfg = Release|Any CPU
		{65EA1C2C-C74F-4290-9A4C-93FE1BA89497}.Release|Any CPU.Build.0 = Release|Any CPU
		{65EA1C2C-C74F-4290-9A4C-93FE1BA89497}.Release|x64.ActiveCfg = Release|Any CPU
		{65EA1C2C-C74F-4290-9A4C-93FE1BA89497}.Release|x64.Build.0 = Release|Any CPU
		{65EA1C2C-C74F-4290-9A4C-93FE1BA89497}.Release|x86.ActiveCfg = Release|Any CPU
		{65EA1C2C-C74F-4290-9A4C-93FE1BA89497}.Release|x86.Build.0 = Release|Any CPU
		{5DA7131E-B062-4B82-A83B-3476C4E305B2}.Debug|Any CPU.ActiveCfg = Debug|Any CPU
		{5DA7131E-B062-4B82-A83B-3476C4E305B2}.Debug|Any CPU.Build.0 = Debug|Any CPU
		{5DA7131E-B062-4B82-A83B-3476C4E305B2}.Debug|x64.ActiveCfg = Debug|Any CPU
		{5DA7131E-B062-4B82-A83B-3476C4E305B2}.Debug|x64.Build.0 = Debug|Any CPU
		{5DA7131E-B062-4B82-A83B-3476C4E305B2}.Debug|x86.ActiveCfg = Debug|Any CPU
		{5DA7131E-B062-4B82-A83B-3476C4E305B2}.Debug|x86.Build.0 = Debug|Any CPU
		{5DA7131E-B062-4B82-A83B-3476C4E305B2}.Release|Any CPU.ActiveCfg = Release|Any CPU
		{5DA7131E-B062-4B82-A83B-3476C4E305B2}.Release|Any CPU.Build.0 = Release|Any CPU
		{5DA7131E-B062-4B82-A83B-3476C4E305B2}.Release|x64.ActiveCfg = Release|Any CPU
		{5DA7131E-B062-4B82-A83B-3476C4E305B2}.Release|x64.Build.0 = Release|Any CPU
		{5DA7131E-B062-4B82-A83B-3476C4E305B2}.Release|x86.ActiveCfg = Release|Any CPU
		{5DA7131E-B062-4B82-A83B-3476C4E305B2}.Release|x86.Build.0 = Release|Any CPU
		{4684756E-013D-4879-B99B-A67E2C5CC9C3}.Debug|Any CPU.ActiveCfg = Debug|Any CPU
		{4684756E-013D-4879-B99B-A67E2C5CC9C3}.Debug|Any CPU.Build.0 = Debug|Any CPU
		{4684756E-013D-4879-B99B-A67E2C5CC9C3}.Debug|x64.ActiveCfg = Debug|Any CPU
		{4684756E-013D-4879-B99B-A67E2C5CC9C3}.Debug|x64.Build.0 = Debug|Any CPU
		{4684756E-013D-4879-B99B-A67E2C5CC9C3}.Debug|x86.ActiveCfg = Debug|Any CPU
		{4684756E-013D-4879-B99B-A67E2C5CC9C3}.Debug|x86.Build.0 = Debug|Any CPU
		{4684756E-013D-4879-B99B-A67E2C5CC9C3}.Release|Any CPU.ActiveCfg = Release|Any CPU
		{4684756E-013D-4879-B99B-A67E2C5CC9C3}.Release|Any CPU.Build.0 = Release|Any CPU
		{4684756E-013D-4879-B99B-A67E2C5CC9C3}.Release|x64.ActiveCfg = Release|Any CPU
		{4684756E-013D-4879-B99B-A67E2C5CC9C3}.Release|x64.Build.0 = Release|Any CPU
		{4684756E-013D-4879-B99B-A67E2C5CC9C3}.Release|x86.ActiveCfg = Release|Any CPU
		{4684756E-013D-4879-B99B-A67E2C5CC9C3}.Release|x86.Build.0 = Release|Any CPU
	EndGlobalSection
	GlobalSection(NestedProjects) = preSolution
		{2CF42765-DB75-4265-A262-A6CCCDCABEE1} = {33329858-F959-4359-B677-A246F62390A9}
		{65EA1C2C-C74F-4290-9A4C-93FE1BA89497} = {33329858-F959-4359-B677-A246F62390A9}
		{5DA7131E-B062-4B82-A83B-3476C4E305B2} = {33329858-F959-4359-B677-A246F62390A9}
		{4684756E-013D-4879-B99B-A67E2C5CC9C3} = {33329858-F959-4359-B677-A246F62390A9}
	EndGlobalSection
EndGlobal
